
Microsoft Visual Studio Solution File, Format Version 12.00
# Visual Studio Version 17
VisualStudioVersion = 17.14.36414.22
MinimumVisualStudioVersion = 10.0.40219.1
Project("{FAE04EC0-301F-11D3-BF4B-00C04F79EFBC}") = "BffServer", "BffServer\BffServer.csproj", "{C838FA10-F937-B868-1B68-CC5CCF5A647B}"
EndProject
Project("{FAE04EC0-301F-11D3-BF4B-00C04F79EFBC}") = "JwtApi", "JwtApi\JwtApi.csproj", "{0A121F0F-9F81-EBC0-FD72-8A15D6678D6A}"
EndProject
Project("{2150E333-8FDC-42A3-9474-1A3956D46DE8}") = "ReactUI_BFF", "ReactUI_BFF", "{02EA681E-C7D8-13C7-8484-4AC65E1B71E8}"
EndProject
Global
	GlobalSection(SolutionConfigurationPlatforms) = preSolution
		Debug|Any CPU = Debug|Any CPU
		Release|Any CPU = Release|Any CPU
	EndGlobalSection
	GlobalSection(ProjectConfigurationPlatforms) = postSolution
		{C838FA10-F937-B868-1B68-CC5CCF5A647B}.Debug|Any CPU.ActiveCfg = Debug|Any CPU
		{C838FA10-F937-B868-1B68-CC5CCF5A647B}.Debug|Any CPU.Build.0 = Debug|Any CPU
		{C838FA10-F937-B868-1B68-CC5CCF5A647B}.Release|Any CPU.ActiveCfg = Release|Any CPU
		{C838FA10-F937-B868-1B68-CC5CCF5A647B}.Release|Any CPU.Build.0 = Release|Any CPU
		{0A121F0F-9F81-EBC0-FD72-8A15D6678D6A}.Debug|Any CPU.ActiveCfg = Debug|Any CPU
		{0A121F0F-9F81-EBC0-FD72-8A15D6678D6A}.Debug|Any CPU.Build.0 = Debug|Any CPU
		{0A121F0F-9F81-EBC0-FD72-8A15D6678D6A}.Release|Any CPU.ActiveCfg = Release|Any CPU
		{0A121F0F-9F81-EBC0-FD72-8A15D6678D6A}.Release|Any CPU.Build.0 = Release|Any CPU
	EndGlobalSection
	GlobalSection(SolutionProperties) = preSolution
		HideSolutionNode = FALSE
	EndGlobalSection
	GlobalSection(ExtensibilityGlobals) = postSolution
		SolutionGuid = {6548C020-0D12-44B4-8981-7B801BFA7AFE}
	EndGlobalSection
EndGlobal
